
Microsoft Visual Studio Solution File, Format Version 12.00
# Visual Studio Version 16
VisualStudioVersion = 16.0.30621.155
MinimumVisualStudioVersion = 10.0.40219.1
Project("{FAE04EC0-301F-11D3-BF4B-00C04F79EFBC}") = "BotTelegramGame", "BotTelegramGame\BotTelegramGame.csproj", "{FFB8C703-688E-43DF-BEF8-8B3FA5C85BD3}"
EndProject
Global
	GlobalSection(SolutionConfigurationPlatforms) = preSolution
		Debug|Any CPU = Debug|Any CPU
		Release|Any CPU = Release|Any CPU
	EndGlobalSection
	GlobalSection(ProjectConfigurationPlatforms) = postSolution
		{FFB8C703-688E-43DF-BEF8-8B3FA5C85BD3}.Debug|Any CPU.ActiveCfg = Debug|Any CPU
		{FFB8C703-688E-43DF-BEF8-8B3FA5C85BD3}.Debug|Any CPU.Build.0 = Debug|Any CPU
		{FFB8C703-688E-43DF-BEF8-8B3FA5C85BD3}.Release|Any CPU.ActiveCfg = Release|Any CPU
		{FFB8C703-688E-43DF-BEF8-8B3FA5C85BD3}.Release|Any CPU.Build.0 = Release|Any CPU
	EndGlobalSection
	GlobalSection(SolutionProperties) = preSolution
		HideSolutionNode = FALSE
	EndGlobalSection
	GlobalSection(ExtensibilityGlobals) = postSolution
		SolutionGuid = {E1991A37-9BA1-4839-A1E9-A270966DF53F}
	EndGlobalSection
EndGlobal
